{
  "name": "workspace",
  "lockfileVersion": 3,
  "requires": true,
  "packages": {
    "": {
      "dependencies": {
        "@ollama/pi-web-search": "^0.0.5"
      }
    },
    "node_modules/@ollama/pi-web-search": {
      "version": "0.0.5",
      "resolved": "https://registry.npmjs.org/@ollama/pi-web-search/-/pi-web-search-0.0.5.tgz",
      "integrity": "sha512-qz6T31cccn5vg/+BeEwEylYpDU2hdrVGKhUzi4m7FZv5z9RTqF1HUQ8p4kHXhd0aYjd8TMcZvonjwnpTHPnYsQ==",
      "license": "MIT"
    }
  }
}
